{
  "requires": true,
<<<<<<< HEAD
  "lockfileVersion": 1,
  "dependencies": {
    "@swc/core": {
      "version": "1.3.62",
      "resolved": "https://registry.npmjs.org/@swc/core/-/core-1.3.62.tgz",
      "integrity": "sha512-J58hWY+/G8vOr4J6ZH9hLg0lMSijZtqIIf4HofZezGog/pVX6sJyBJ40dZ1ploFkDIlWTWvJyqtpesBKS73gkQ==",
      "requires": {
        "@swc/core-darwin-arm64": "1.3.62",
        "@swc/core-darwin-x64": "1.3.62",
        "@swc/core-linux-arm-gnueabihf": "1.3.62",
        "@swc/core-linux-arm64-gnu": "1.3.62",
        "@swc/core-linux-arm64-musl": "1.3.62",
        "@swc/core-linux-x64-gnu": "1.3.62",
        "@swc/core-linux-x64-musl": "1.3.62",
        "@swc/core-win32-arm64-msvc": "1.3.62",
        "@swc/core-win32-ia32-msvc": "1.3.62",
        "@swc/core-win32-x64-msvc": "1.3.62"
=======
  "packages": {
    "": {
      "dependencies": {
        "bootstrap": "^5.3.0",
        "prop-types": "^15.8.1",
        "react-router-dom": "^6.12.1"
>>>>>>> ff51feb333b754c3c54dad404dadf8d1bb07c9bd
      }
    },
    "@swc/core-darwin-arm64": {
      "version": "1.3.62",
      "resolved": "https://registry.npmjs.org/@swc/core-darwin-arm64/-/core-darwin-arm64-1.3.62.tgz",
      "integrity": "sha512-MmGilibITz68LEje6vJlKzc2gUUSgzvB3wGLSjEORikTNeM7P8jXVxE4A8fgZqDeudJUm9HVWrxCV+pHDSwXhA==",
      "optional": true
    },
    "@swc/core-darwin-x64": {
      "version": "1.3.62",
      "resolved": "https://registry.npmjs.org/@swc/core-darwin-x64/-/core-darwin-x64-1.3.62.tgz",
      "integrity": "sha512-Xl93MMB3sCWVlYWuQIB+v6EQgzoiuQYK5tNt9lsHoIEVu2zLdkQjae+5FUHZb1VYqCXIiWcULFfVz0R4Sjb7JQ==",
      "optional": true
    },
    "@swc/core-linux-arm-gnueabihf": {
      "version": "1.3.62",
      "resolved": "https://registry.npmjs.org/@swc/core-linux-arm-gnueabihf/-/core-linux-arm-gnueabihf-1.3.62.tgz",
      "integrity": "sha512-nJsp6O7kCtAjTTMcIjVB0g5y1JNiYAa5q630eiwrnaHUusEFoANDdORI3Z9vXeikMkng+6yIv9/V8Rb093xLjQ==",
      "optional": true
    },
<<<<<<< HEAD
    "@swc/core-linux-arm64-gnu": {
      "version": "1.3.62",
      "resolved": "https://registry.npmjs.org/@swc/core-linux-arm64-gnu/-/core-linux-arm64-gnu-1.3.62.tgz",
      "integrity": "sha512-XGsV93vpUAopDt5y6vPwbK1Nc/MlL55L77bAZUPIiosWD1cWWPHNtNSpriE6+I+JiMHe0pqtfS/SSTk6ZkFQVw==",
      "optional": true
    },
    "@swc/core-linux-arm64-musl": {
      "version": "1.3.62",
      "resolved": "https://registry.npmjs.org/@swc/core-linux-arm64-musl/-/core-linux-arm64-musl-1.3.62.tgz",
      "integrity": "sha512-ESUmJjSlTTkoBy9dMG49opcNn8BmviqStMhwyeD1G8XRnmRVCZZgoBOKdvCXmJhw8bQXDhZumeaTUB+OFUKVXg==",
      "optional": true
    },
    "@swc/core-linux-x64-gnu": {
      "version": "1.3.62",
      "resolved": "https://registry.npmjs.org/@swc/core-linux-x64-gnu/-/core-linux-x64-gnu-1.3.62.tgz",
      "integrity": "sha512-wnHJkt3ZBrax3SFnUHDcncG6mrSg9ZZjMhQV9Mc3JL1x1s1Gy9rGZCoBNnV/BUZWTemxIBcQbANRSDut/WO+9A==",
      "optional": true
=======
    "node_modules/js-tokens": {
      "version": "4.0.0",
      "resolved": "https://registry.npmjs.org/js-tokens/-/js-tokens-4.0.0.tgz",
      "integrity": "sha512-RdJUflcE3cUzKiMqQgsCu06FPu9UdIJO0beYbPhHN4k6apgJtifcoCtT9bcxOpYBtpD2kCM6Sbzg4CausW/PKQ=="
    },
    "node_modules/loose-envify": {
      "version": "1.4.0",
      "resolved": "https://registry.npmjs.org/loose-envify/-/loose-envify-1.4.0.tgz",
      "integrity": "sha512-lyuxPGr/Wfhrlem2CL/UcnUc1zcqKAImBDzukY7Y5F/yQiNdko6+fRLevlw1HgMySw7f611UIY408EtxRSoK3Q==",
      "dependencies": {
        "js-tokens": "^3.0.0 || ^4.0.0"
      },
      "bin": {
        "loose-envify": "cli.js"
      }
    },
    "node_modules/object-assign": {
      "version": "4.1.1",
      "resolved": "https://registry.npmjs.org/object-assign/-/object-assign-4.1.1.tgz",
      "integrity": "sha512-rJgTQnkUnH1sFw8yT6VSU3zD3sWmu6sZhIseY8VX+GRu3P6F7Fu+JNDoXfklElbLJSnc3FUQHVe4cU5hj+BcUg==",
      "engines": {
        "node": ">=0.10.0"
      }
    },
    "node_modules/prop-types": {
      "version": "15.8.1",
      "resolved": "https://registry.npmjs.org/prop-types/-/prop-types-15.8.1.tgz",
      "integrity": "sha512-oj87CgZICdulUohogVAR7AjlC0327U4el4L6eAvOqCeudMDVU0NThNaV+b9Df4dXgSP1gXMTnPdhfe/2qDH5cg==",
      "dependencies": {
        "loose-envify": "^1.4.0",
        "object-assign": "^4.1.1",
        "react-is": "^16.13.1"
      }
    },
    "node_modules/react": {
      "version": "18.2.0",
      "resolved": "https://registry.npmjs.org/react/-/react-18.2.0.tgz",
      "integrity": "sha512-/3IjMdb2L9QbBdWiW5e3P2/npwMBaU9mHCSCUzNln0ZCYbcfTsGbTJrU/kGemdH2IWmB2ioZ+zkxtmq6g09fGQ==",
      "peer": true,
      "dependencies": {
        "loose-envify": "^1.1.0"
      },
      "engines": {
        "node": ">=0.10.0"
      }
>>>>>>> ff51feb333b754c3c54dad404dadf8d1bb07c9bd
    },
    "@swc/core-linux-x64-musl": {
      "version": "1.3.62",
      "resolved": "https://registry.npmjs.org/@swc/core-linux-x64-musl/-/core-linux-x64-musl-1.3.62.tgz",
      "integrity": "sha512-9oRbuTC/VshB66Rgwi3pTq3sPxSTIb8k9L1vJjES+dDMKa29DAjPtWCXG/pyZ00ufpFZgkGEuAHH5uqUcr1JQg==",
      "optional": true
    },
<<<<<<< HEAD
    "@swc/core-win32-arm64-msvc": {
      "version": "1.3.62",
      "resolved": "https://registry.npmjs.org/@swc/core-win32-arm64-msvc/-/core-win32-arm64-msvc-1.3.62.tgz",
      "integrity": "sha512-zv14vlF2VRrxS061XkfzGjCYnOrEo5glKJjLK5PwUKysIoVrx/L8nAbFxjkX5cObdlyoqo+ekelyBPAO+4bS0w==",
      "optional": true
=======
    "node_modules/react-is": {
      "version": "16.13.1",
      "resolved": "https://registry.npmjs.org/react-is/-/react-is-16.13.1.tgz",
      "integrity": "sha512-24e6ynE2H+OKt4kqsOvNd8kBpV65zoxbA4BVsEOB3ARVWQki/DHzaUoC5KuON/BiccDaCCTZBuOcfZs70kR8bQ=="
    },
    "node_modules/react-router": {
      "version": "6.12.1",
      "resolved": "https://registry.npmjs.org/react-router/-/react-router-6.12.1.tgz",
      "integrity": "sha512-evd/GrKJOeOypD0JB9e1r7pQh2gWCsTbUfq059Wm1AFT/K2MNZuDo19lFtAgIhlBrp0MmpgpqtvZC7LPAs7vSw==",
      "dependencies": {
        "@remix-run/router": "1.6.3"
      },
      "engines": {
        "node": ">=14"
      },
      "peerDependencies": {
        "react": ">=16.8"
      }
>>>>>>> ff51feb333b754c3c54dad404dadf8d1bb07c9bd
    },
    "@swc/core-win32-ia32-msvc": {
      "version": "1.3.62",
      "resolved": "https://registry.npmjs.org/@swc/core-win32-ia32-msvc/-/core-win32-ia32-msvc-1.3.62.tgz",
      "integrity": "sha512-8MC/PZQSsOP2iA/81tAfNRqMWyEqTS/8zKUI67vPuLvpx6NAjRn3E9qBv7iFqH79iqZNzqSMo3awnLrKZyFbcw==",
      "optional": true
    },
    "@swc/core-win32-x64-msvc": {
      "version": "1.3.62",
      "resolved": "https://registry.npmjs.org/@swc/core-win32-x64-msvc/-/core-win32-x64-msvc-1.3.62.tgz",
      "integrity": "sha512-GJSmUJ95HKHZXAxiuPUmrcm/S3ivQvEzXhOZaIqYBIwUsm02vFZkClsV7eIKzWjso1t0+I/8MjrnUNaSWqh1rQ==",
      "optional": true
    },
    "@vitejs/plugin-react-swc": {
      "version": "3.3.2",
      "resolved": "https://registry.npmjs.org/@vitejs/plugin-react-swc/-/plugin-react-swc-3.3.2.tgz",
      "integrity": "sha512-VJFWY5sfoZerQRvJrh518h3AcQt6f/yTuWn4/TRB+dqmYU0NX1qz7qM5Wfd+gOQqUzQW4gxKqKN3KpE/P3+zrA==",
      "requires": {
        "@swc/core": "^1.3.61"
      }
    }
  }
}
